// !$*UTF8*$!
{
	archiveVersion = 1;
	classes = {
	};
	objectVersion = 50;
	objects = {

/* Begin PBXBuildFile section */
		A8194C2A23E933F700A00069 /* Presenter.swift in Sources */ = {isa = PBXBuildFile; fileRef = A8194C2923E933F700A00069 /* Presenter.swift */; };
		A8194C2D23E934AE00A00069 /* Protocol.swift in Sources */ = {isa = PBXBuildFile; fileRef = A8194C2C23E934AE00A00069 /* Protocol.swift */; };
		A8423EF223E7D639006C3589 /* Util.swift in Sources */ = {isa = PBXBuildFile; fileRef = A8423EF123E7D639006C3589 /* Util.swift */; };
		A8423EF523E7E55C006C3589 /* ToDo+CoreDataClass.swift in Sources */ = {isa = PBXBuildFile; fileRef = A8423EF323E7E55C006C3589 /* ToDo+CoreDataClass.swift */; };
		A8423EF623E7E55C006C3589 /* ToDo+CoreDataProperties.swift in Sources */ = {isa = PBXBuildFile; fileRef = A8423EF423E7E55C006C3589 /* ToDo+CoreDataProperties.swift */; };
		A8C101CD23E6A1AD008BA1D8 /* AppDelegate.swift in Sources */ = {isa = PBXBuildFile; fileRef = A8C101CC23E6A1AD008BA1D8 /* AppDelegate.swift */; };
		A8C101D423E6A1AD008BA1D8 /* Main.storyboard in Resources */ = {isa = PBXBuildFile; fileRef = A8C101D223E6A1AD008BA1D8 /* Main.storyboard */; };
		A8C101D623E6A1AE008BA1D8 /* Assets.xcassets in Resources */ = {isa = PBXBuildFile; fileRef = A8C101D523E6A1AE008BA1D8 /* Assets.xcassets */; };
		A8C101D923E6A1AE008BA1D8 /* LaunchScreen.storyboard in Resources */ = {isa = PBXBuildFile; fileRef = A8C101D723E6A1AE008BA1D8 /* LaunchScreen.storyboard */; };
		A8C101E123E6A3A2008BA1D8 /* ToDoList.swift in Sources */ = {isa = PBXBuildFile; fileRef = A8C101E023E6A3A2008BA1D8 /* ToDoList.swift */; };
		A8C101E323E6A3C2008BA1D8 /* ImportantList.swift in Sources */ = {isa = PBXBuildFile; fileRef = A8C101E223E6A3C2008BA1D8 /* ImportantList.swift */; };
		A8C101E523E6A417008BA1D8 /* CustomCell.swift in Sources */ = {isa = PBXBuildFile; fileRef = A8C101E423E6A417008BA1D8 /* CustomCell.swift */; };
		A8C101E723E6A69B008BA1D8 /* ToDoVC.swift in Sources */ = {isa = PBXBuildFile; fileRef = A8C101E623E6A69B008BA1D8 /* ToDoVC.swift */; };
		A8C101EB23E6AD29008BA1D8 /* TODO.xcdatamodeld in Sources */ = {isa = PBXBuildFile; fileRef = A8C101E923E6AD29008BA1D8 /* TODO.xcdatamodeld */; };
		A8C1023023E6B012008BA1D8 /* DBHandler.swift in Sources */ = {isa = PBXBuildFile; fileRef = A8C1022F23E6B012008BA1D8 /* DBHandler.swift */; };
/* End PBXBuildFile section */

/* Begin PBXFileReference section */
		A8194C2923E933F700A00069 /* Presenter.swift */ = {isa = PBXFileReference; lastKnownFileType = sourcecode.swift; path = Presenter.swift; sourceTree = "<group>"; };
		A8194C2C23E934AE00A00069 /* Protocol.swift */ = {isa = PBXFileReference; lastKnownFileType = sourcecode.swift; path = Protocol.swift; sourceTree = "<group>"; };
		A8423EF123E7D639006C3589 /* Util.swift */ = {isa = PBXFileReference; lastKnownFileType = sourcecode.swift; path = Util.swift; sourceTree = "<group>"; };
		A8423EF323E7E55C006C3589 /* ToDo+CoreDataClass.swift */ = {isa = PBXFileReference; lastKnownFileType = sourcecode.swift; path = "ToDo+CoreDataClass.swift"; sourceTree = "<group>"; };
		A8423EF423E7E55C006C3589 /* ToDo+CoreDataProperties.swift */ = {isa = PBXFileReference; lastKnownFileType = sourcecode.swift; path = "ToDo+CoreDataProperties.swift"; sourceTree = "<group>"; };
		A8C101C923E6A1AD008BA1D8 /* MVPHaptikToDoApp.app */ = {isa = PBXFileReference; explicitFileType = wrapper.application; includeInIndex = 0; path = MVPHaptikToDoApp.app; sourceTree = BUILT_PRODUCTS_DIR; };
		A8C101CC23E6A1AD008BA1D8 /* AppDelegate.swift */ = {isa = PBXFileReference; lastKnownFileType = sourcecode.swift; path = AppDelegate.swift; sourceTree = "<group>"; };
		A8C101D323E6A1AD008BA1D8 /* Base */ = {isa = PBXFileReference; lastKnownFileType = file.storyboard; name = Base; path = Base.lproj/Main.storyboard; sourceTree = "<group>"; };
		A8C101D523E6A1AE008BA1D8 /* Assets.xcassets */ = {isa = PBXFileReference; lastKnownFileType = folder.assetcatalog; path = Assets.xcassets; sourceTree = "<group>"; };
		A8C101D823E6A1AE008BA1D8 /* Base */ = {isa = PBXFileReference; lastKnownFileType = file.storyboard; name = Base; path = Base.lproj/LaunchScreen.storyboard; sourceTree = "<group>"; };
		A8C101DA23E6A1AE008BA1D8 /* Info.plist */ = {isa = PBXFileReference; lastKnownFileType = text.plist.xml; path = Info.plist; sourceTree = "<group>"; };
		A8C101E023E6A3A2008BA1D8 /* ToDoList.swift */ = {isa = PBXFileReference; lastKnownFileType = sourcecode.swift; path = ToDoList.swift; sourceTree = "<group>"; };
		A8C101E223E6A3C2008BA1D8 /* ImportantList.swift */ = {isa = PBXFileReference; lastKnownFileType = sourcecode.swift; path = ImportantList.swift; sourceTree = "<group>"; };
		A8C101E423E6A417008BA1D8 /* CustomCell.swift */ = {isa = PBXFileReference; lastKnownFileType = sourcecode.swift; path = CustomCell.swift; sourceTree = "<group>"; };
		A8C101E623E6A69B008BA1D8 /* ToDoVC.swift */ = {isa = PBXFileReference; lastKnownFileType = sourcecode.swift; path = ToDoVC.swift; sourceTree = "<group>"; };
		A8C101EA23E6AD29008BA1D8 /* TODO.xcdatamodel */ = {isa = PBXFileReference; lastKnownFileType = wrapper.xcdatamodel; path = TODO.xcdatamodel; sourceTree = "<group>"; };
		A8C1022F23E6B012008BA1D8 /* DBHandler.swift */ = {isa = PBXFileReference; lastKnownFileType = sourcecode.swift; path = DBHandler.swift; sourceTree = "<group>"; };
/* End PBXFileReference section */

/* Begin PBXFrameworksBuildPhase section */
		A8C101C623E6A1AD008BA1D8 /* Frameworks */ = {
			isa = PBXFrameworksBuildPhase;
			buildActionMask = 2147483647;
			files = (
			);
			runOnlyForDeploymentPostprocessing = 0;
		};
/* End PBXFrameworksBuildPhase section */

/* Begin PBXGroup section */
		A8194C2423E9336000A00069 /* Model */ = {
			isa = PBXGroup;
			children = (
			);
			path = Model;
			sourceTree = "<group>";
		};
		A8194C2523E9336A00A00069 /* View */ = {
			isa = PBXGroup;
			children = (
				A8C101E023E6A3A2008BA1D8 /* ToDoList.swift */,
				A8C101E223E6A3C2008BA1D8 /* ImportantList.swift */,
				A8C101E423E6A417008BA1D8 /* CustomCell.swift */,
				A8C101E623E6A69B008BA1D8 /* ToDoVC.swift */,
			);
			path = View;
			sourceTree = "<group>";
		};
		A8194C2623E9337200A00069 /* Presenter */ = {
			isa = PBXGroup;
			children = (
				A8194C2923E933F700A00069 /* Presenter.swift */,
			);
			path = Presenter;
			sourceTree = "<group>";
		};
		A8194C2723E9338100A00069 /* Data Manager */ = {
			isa = PBXGroup;
			children = (
				A8C1022F23E6B012008BA1D8 /* DBHandler.swift */,
			);
			path = "Data Manager";
			sourceTree = "<group>";
		};
		A8194C2823E933A600A00069 /* Helper */ = {
			isa = PBXGroup;
			children = (
				A8423EF123E7D639006C3589 /* Util.swift */,
			);
			path = Helper;
			sourceTree = "<group>";
		};
		A8194C2B23E9349000A00069 /* Protocol */ = {
			isa = PBXGroup;
			children = (
				A8194C2C23E934AE00A00069 /* Protocol.swift */,
			);
			path = Protocol;
			sourceTree = "<group>";
		};
		A8C101C023E6A1AD008BA1D8 = {
			isa = PBXGroup;
			children = (
				A8C101CB23E6A1AD008BA1D8 /* MVPHaptikToDoApp */,
				A8C101CA23E6A1AD008BA1D8 /* Products */,
			);
			sourceTree = "<group>";
		};
		A8C101CA23E6A1AD008BA1D8 /* Products */ = {
			isa = PBXGroup;
			children = (
				A8C101C923E6A1AD008BA1D8 /* MVPHaptikToDoApp.app */,
			);
			name = Products;
			sourceTree = "<group>";
		};
		A8C101CB23E6A1AD008BA1D8 /* MVPHaptikToDoApp */ = {
			isa = PBXGroup;
			children = (
				A8194C2B23E9349000A00069 /* Protocol */,
				A8194C2823E933A600A00069 /* Helper */,
				A8194C2723E9338100A00069 /* Data Manager */,
				A8194C2623E9337200A00069 /* Presenter */,
				A8194C2523E9336A00A00069 /* View */,
				A8194C2423E9336000A00069 /* Model */,
				A8C101E823E6ACD2008BA1D8 /* CoreData */,
				A8C101CC23E6A1AD008BA1D8 /* AppDelegate.swift */,
				A8C101D223E6A1AD008BA1D8 /* Main.storyboard */,
				A8C101D523E6A1AE008BA1D8 /* Assets.xcassets */,
				A8C101D723E6A1AE008BA1D8 /* LaunchScreen.storyboard */,
				A8C101DA23E6A1AE008BA1D8 /* Info.plist */,
			);
			path = MVPHaptikToDoApp;
			sourceTree = "<group>";
		};
		A8C101E823E6ACD2008BA1D8 /* CoreData */ = {
			isa = PBXGroup;
			children = (
				A8423EF323E7E55C006C3589 /* ToDo+CoreDataClass.swift */,
				A8423EF423E7E55C006C3589 /* ToDo+CoreDataProperties.swift */,
				A8C101E923E6AD29008BA1D8 /* TODO.xcdatamodeld */,
			);
			path = CoreData;
			sourceTree = "<group>";
		};
/* End PBXGroup section */

/* Begin PBXNativeTarget section */
		A8C101C823E6A1AD008BA1D8 /* MVPHaptikToDoApp */ = {
			isa = PBXNativeTarget;
			buildConfigurationList = A8C101DD23E6A1AE008BA1D8 /* Build configuration list for PBXNativeTarget "MVPHaptikToDoApp" */;
			buildPhases = (
				A8C101C523E6A1AD008BA1D8 /* Sources */,
				A8C101C623E6A1AD008BA1D8 /* Frameworks */,
				A8C101C723E6A1AD008BA1D8 /* Resources */,
			);
			buildRules = (
			);
			dependencies = (
			);
			name = MVPHaptikToDoApp;
			productName = MVPHaptikToDoApp;
			productReference = A8C101C923E6A1AD008BA1D8 /* MVPHaptikToDoApp.app */;
			productType = "com.apple.product-type.application";
		};
/* End PBXNativeTarget section */

/* Begin PBXProject section */
		A8C101C123E6A1AD008BA1D8 /* Project object */ = {
			isa = PBXProject;
			attributes = {
				LastSwiftUpdateCheck = 1030;
				LastUpgradeCheck = 1030;
				ORGANIZATIONNAME = Dipendra;
				TargetAttributes = {
					A8C101C823E6A1AD008BA1D8 = {
						CreatedOnToolsVersion = 10.3;
					};
				};
			};
			buildConfigurationList = A8C101C423E6A1AD008BA1D8 /* Build configuration list for PBXProject "MVPHaptikToDoApp" */;
			compatibilityVersion = "Xcode 9.3";
			developmentRegion = en;
			hasScannedForEncodings = 0;
			knownRegions = (
				en,
				Base,
			);
			mainGroup = A8C101C023E6A1AD008BA1D8;
			productRefGroup = A8C101CA23E6A1AD008BA1D8 /* Products */;
			projectDirPath = "";
			projectRoot = "";
			targets = (
				A8C101C823E6A1AD008BA1D8 /* MVPHaptikToDoApp */,
			);
		};
/* End PBXProject section */

/* Begin PBXResourcesBuildPhase section */
		A8C101C723E6A1AD008BA1D8 /* Resources */ = {
			isa = PBXResourcesBuildPhase;
			buildActionMask = 2147483647;
			files = (
				A8C101D923E6A1AE008BA1D8 /* LaunchScreen.storyboard in Resources */,
				A8C101D623E6A1AE008BA1D8 /* Assets.xcassets in Resources */,
				A8C101D423E6A1AD008BA1D8 /* Main.storyboard in Resources */,
			);
			runOnlyForDeploymentPostprocessing = 0;
		};
/* End PBXResourcesBuildPhase section */

/* Begin PBXSourcesBuildPhase section */
		A8C101C523E6A1AD008BA1D8 /* Sources */ = {
			isa = PBXSourcesBuildPhase;
			buildActionMask = 2147483647;
			files = (
				A8C101CD23E6A1AD008BA1D8 /* AppDelegate.swift in Sources */,
				A8194C2A23E933F700A00069 /* Presenter.swift in Sources */,
				A8C101EB23E6AD29008BA1D8 /* TODO.xcdatamodeld in Sources */,
				A8C1023023E6B012008BA1D8 /* DBHandler.swift in Sources */,
				A8423EF623E7E55C006C3589 /* ToDo+CoreDataProperties.swift in Sources */,
				A8C101E323E6A3C2008BA1D8 /* ImportantList.swift in Sources */,
				A8C101E523E6A417008BA1D8 /* CustomCell.swift in Sources */,
				A8C101E723E6A69B008BA1D8 /* ToDoVC.swift in Sources */,
				A8423EF223E7D639006C3589 /* Util.swift in Sources */,
				A8C101E123E6A3A2008BA1D8 /* ToDoList.swift in Sources */,
				A8423EF523E7E55C006C3589 /* ToDo+CoreDataClass.swift in Sources */,
				A8194C2D23E934AE00A00069 /* Protocol.swift in Sources */,
			);
			runOnlyForDeploymentPostprocessing = 0;
		};
/* End PBXSourcesBuildPhase section */

/* Begin PBXVariantGroup section */
		A8C101D223E6A1AD008BA1D8 /* Main.storyboard */ = {
			isa = PBXVariantGroup;
			children = (
				A8C101D323E6A1AD008BA1D8 /* Base */,
			);
			name = Main.storyboard;
			sourceTree = "<group>";
		};
		A8C101D723E6A1AE008BA1D8 /* LaunchScreen.storyboard */ = {
			isa = PBXVariantGroup;
			children = (
				A8C101D823E6A1AE008BA1D8 /* Base */,
			);
			name = LaunchScreen.storyboard;
			sourceTree = "<group>";
		};
/* End PBXVariantGroup section */

/* Begin XCBuildConfiguration section */
		A8C101DB23E6A1AE008BA1D8 /* Debug */ = {
			isa = XCBuildConfiguration;
			buildSettings = {
				ALWAYS_SEARCH_USER_PATHS = NO;
				CLANG_ANALYZER_NONNULL = YES;
				CLANG_ANALYZER_NUMBER_OBJECT_CONVERSION = YES_AGGRESSIVE;
				CLANG_CXX_LANGUAGE_STANDARD = "gnu++14";
				CLANG_CXX_LIBRARY = "libc++";
				CLANG_ENABLE_MODULES = YES;
				CLANG_ENABLE_OBJC_ARC = YES;
				CLANG_ENABLE_OBJC_WEAK = YES;
				CLANG_WARN_BLOCK_CAPTURE_AUTORELEASING = YES;
				CLANG_WARN_BOOL_CONVERSION = YES;
				CLANG_WARN_COMMA = YES;
				CLANG_WARN_CONSTANT_CONVERSION = YES;
				CLANG_WARN_DEPRECATED_OBJC_IMPLEMENTATIONS = YES;
				CLANG_WARN_DIRECT_OBJC_ISA_USAGE = YES_ERROR;
				CLANG_WARN_DOCUMENTATION_COMMENTS = YES;
				CLANG_WARN_EMPTY_BODY = YES;
				CLANG_WARN_ENUM_CONVERSION = YES;
				CLANG_WARN_INFINITE_RECURSION = YES;
				CLANG_WARN_INT_CONVERSION = YES;
				CLANG_WARN_NON_LITERAL_NULL_CONVERSION = YES;
				CLANG_WARN_OBJC_IMPLICIT_RETAIN_SELF = YES;
				CLANG_WARN_OBJC_LITERAL_CONVERSION = YES;
				CLANG_WARN_OBJC_ROOT_CLASS = YES_ERROR;
				CLANG_WARN_RANGE_LOOP_ANALYSIS = YES;
				CLANG_WARN_STRICT_PROTOTYPES = YES;
				CLANG_WARN_SUSPICIOUS_MOVE = YES;
				CLANG_WARN_UNGUARDED_AVAILABILITY = YES_AGGRESSIVE;
				CLANG_WARN_UNREACHABLE_CODE = YES;
				CLANG_WARN__DUPLICATE_METHOD_MATCH = YES;
				CODE_SIGN_IDENTITY = "iPhone Developer";
				COPY_PHASE_STRIP = NO;
				DEBUG_INFORMATION_FORMAT = dwarf;
				ENABLE_STRICT_OBJC_MSGSEND = YES;
				ENABLE_TESTABILITY = YES;
				GCC_C_LANGUAGE_STANDARD = gnu11;
				GCC_DYNAMIC_NO_PIC = NO;
				GCC_NO_COMMON_BLOCKS = YES;
				GCC_OPTIMIZATION_LEVEL = 0;
				GCC_PREPROCESSOR_DEFINITIONS = (
					"DEBUG=1",
					"$(inherited)",
				);
				GCC_WARN_64_TO_32_BIT_CONVERSION = YES;
				GCC_WARN_ABOUT_RETURN_TYPE = YES_ERROR;
				GCC_WARN_UNDECLARED_SELECTOR = YES;
				GCC_WARN_UNINITIALIZED_AUTOS = YES_AGGRESSIVE;
				GCC_WARN_UNUSED_FUNCTION = YES;
				GCC_WARN_UNUSED_VARIABLE = YES;
				IPHONEOS_DEPLOYMENT_TARGET = 12.4;
				MTL_ENABLE_DEBUG_INFO = INCLUDE_SOURCE;
				MTL_FAST_MATH = YES;
				ONLY_ACTIVE_ARCH = YES;
				SDKROOT = iphoneos;
				SWIFT_ACTIVE_COMPILATION_CONDITIONS = DEBUG;
				SWIFT_OPTIMIZATION_LEVEL = "-Onone";
			};
			name = Debug;
		};
		A8C101DC23E6A1AE008BA1D8 /* Release */ = {
			isa = XCBuildConfiguration;
			buildSettings = {
				ALWAYS_SEARCH_USER_PATHS = NO;
				CLANG_ANALYZER_NONNULL = YES;
				CLANG_ANALYZER_NUMBER_OBJECT_CONVERSION = YES_AGGRESSIVE;
				CLANG_CXX_LANGUAGE_STANDARD = "gnu++14";
				CLANG_CXX_LIBRARY = "libc++";
				CLANG_ENABLE_MODULES = YES;
				CLANG_ENABLE_OBJC_ARC = YES;
				CLANG_ENABLE_OBJC_WEAK = YES;
				CLANG_WARN_BLOCK_CAPTURE_AUTORELEASING = YES;
				CLANG_WARN_BOOL_CONVERSION = YES;
				CLANG_WARN_COMMA = YES;
				CLANG_WARN_CONSTANT_CONVERSION = YES;
				CLANG_WARN_DEPRECATED_OBJC_IMPLEMENTATIONS = YES;
				CLANG_WARN_DIRECT_OBJC_ISA_USAGE = YES_ERROR;
				CLANG_WARN_DOCUMENTATION_COMMENTS = YES;
				CLANG_WARN_EMPTY_BODY = YES;
				CLANG_WARN_ENUM_CONVERSION = YES;
				CLANG_WARN_INFINITE_RECURSION = YES;
				CLANG_WARN_INT_CONVERSION = YES;
				CLANG_WARN_NON_LITERAL_NULL_CONVERSION = YES;
				CLANG_WARN_OBJC_IMPLICIT_RETAIN_SELF = YES;
				CLANG_WARN_OBJC_LITERAL_CONVERSION = YES;
				CLANG_WARN_OBJC_ROOT_CLASS = YES_ERROR;
				CLANG_WARN_RANGE_LOOP_ANALYSIS = YES;
				CLANG_WARN_STRICT_PROTOTYPES = YES;
				CLANG_WARN_SUSPICIOUS_MOVE = YES;
				CLANG_WARN_UNGUARDED_AVAILABILITY = YES_AGGRESSIVE;
				CLANG_WARN_UNREACHABLE_CODE = YES;
				CLANG_WARN__DUPLICATE_METHOD_MATCH = YES;
				CODE_SIGN_IDENTITY = "iPhone Developer";
				COPY_PHASE_STRIP = NO;
				DEBUG_INFORMATION_FORMAT = "dwarf-with-dsym";
				ENABLE_NS_ASSERTIONS = NO;
				ENABLE_STRICT_OBJC_MSGSEND = YES;
				GCC_C_LANGUAGE_STANDARD = gnu11;
				GCC_NO_COMMON_BLOCKS = YES;
				GCC_WARN_64_TO_32_BIT_CONVERSION = YES;
				GCC_WARN_ABOUT_RETURN_TYPE = YES_ERROR;
				GCC_WARN_UNDECLARED_SELECTOR = YES;
				GCC_WARN_UNINITIALIZED_AUTOS = YES_AGGRESSIVE;
				GCC_WARN_UNUSED_FUNCTION = YES;
				GCC_WARN_UNUSED_VARIABLE = YES;
				IPHONEOS_DEPLOYMENT_TARGET = 12.4;
				MTL_ENABLE_DEBUG_INFO = NO;
				MTL_FAST_MATH = YES;
				SDKROOT = iphoneos;
				SWIFT_COMPILATION_MODE = wholemodule;
				SWIFT_OPTIMIZATION_LEVEL = "-O";
				VALIDATE_PRODUCT = YES;
			};
			name = Release;
		};
		A8C101DE23E6A1AE008BA1D8 /* Debug */ = {
			isa = XCBuildConfiguration;
			buildSettings = {
				ASSETCATALOG_COMPILER_APPICON_NAME = AppIcon;
				CODE_SIGN_STYLE = Automatic;
				INFOPLIST_FILE = MVPHaptikToDoApp/Info.plist;
				LD_RUNPATH_SEARCH_PATHS = (
					"$(inherited)",
					"@executable_path/Frameworks",
				);
				PRODUCT_BUNDLE_IDENTIFIER = DKD.MVPHaptikToDoApp;
				PRODUCT_NAME = "$(TARGET_NAME)";
				SWIFT_VERSION = 5.0;
				TARGETED_DEVICE_FAMILY = "1,2";
			};
			name = Debug;
		};
		A8C101DF23E6A1AE008BA1D8 /* Release */ = {
			isa = XCBuildConfiguration;
			buildSettings = {
				ASSETCATALOG_COMPILER_APPICON_NAME = AppIcon;
				CODE_SIGN_STYLE = Automatic;
				INFOPLIST_FILE = MVPHaptikToDoApp/Info.plist;
				LD_RUNPATH_SEARCH_PATHS = (
					"$(inherited)",
					"@executable_path/Frameworks",
				);
				PRODUCT_BUNDLE_IDENTIFIER = DKD.MVPHaptikToDoApp;
				PRODUCT_NAME = "$(TARGET_NAME)";
				SWIFT_VERSION = 5.0;
				TARGETED_DEVICE_FAMILY = "1,2";
			};
			name = Release;
		};
/* End XCBuildConfiguration section */

/* Begin XCConfigurationList section */
		A8C101C423E6A1AD008BA1D8 /* Build configuration list for PBXProject "MVPHaptikToDoApp" */ = {
			isa = XCConfigurationList;
			buildConfigurations = (
				A8C101DB23E6A1AE008BA1D8 /* Debug */,
				A8C101DC23E6A1AE008BA1D8 /* Release */,
			);
			defaultConfigurationIsVisible = 0;
			defaultConfigurationName = Release;
		};
		A8C101DD23E6A1AE008BA1D8 /* Build configuration list for PBXNativeTarget "MVPHaptikToDoApp" */ = {
			isa = XCConfigurationList;
			buildConfigurations = (
				A8C101DE23E6A1AE008BA1D8 /* Debug */,
				A8C101DF23E6A1AE008BA1D8 /* Release */,
			);
			defaultConfigurationIsVisible = 0;
			defaultConfigurationName = Release;
		};
/* End XCConfigurationList section */

/* Begin XCVersionGroup section */
		A8C101E923E6AD29008BA1D8 /* TODO.xcdatamodeld */ = {
			isa = XCVersionGroup;
			children = (
				A8C101EA23E6AD29008BA1D8 /* TODO.xcdatamodel */,
			);
			currentVersion = A8C101EA23E6AD29008BA1D8 /* TODO.xcdatamodel */;
			path = TODO.xcdatamodeld;
			sourceTree = "<group>";
			versionGroupType = wrapper.xcdatamodel;
		};
/* End XCVersionGroup section */
	};
	rootObject = A8C101C123E6A1AD008BA1D8 /* Project object */;
}
